
Microsoft Visual Studio Solution File, Format Version 12.00
# Visual Studio Version 16
VisualStudioVersion = 16.0.30711.63
MinimumVisualStudioVersion = 10.0.40219.1
Project("{9A19103F-16F7-4668-BE54-9A1E7A4F7556}") = "Day1", "Day1\Day1.csproj", "{EA4534A0-7FCA-41F5-94B3-AEADD807747F}"
EndProject
Project("{9A19103F-16F7-4668-BE54-9A1E7A4F7556}") = "Day2", "Day2\Day2.csproj", "{8749ED10-47E8-406E-87D4-752A61FC6D24}"
EndProject
Project("{9A19103F-16F7-4668-BE54-9A1E7A4F7556}") = "Day3", "Day3\Day3.csproj", "{711437BE-EF10-4C41-A088-9AC4AB6C8BF4}"
EndProject
Project("{9A19103F-16F7-4668-BE54-9A1E7A4F7556}") = "Day4", "Day4\Day4.csproj", "{75E83087-C588-49FA-BDEF-0CD4431B506B}"
EndProject
Project("{9A19103F-16F7-4668-BE54-9A1E7A4F7556}") = "Day5", "Day5\Day5.csproj", "{09B8241D-4E1F-4D80-9C5D-A25FF94D9173}"
EndProject
Project("{9A19103F-16F7-4668-BE54-9A1E7A4F7556}") = "Day6", "Day6\Day6.csproj", "{88E5E84B-721F-4FDF-841A-737D141DB5CC}"
EndProject
Project("{9A19103F-16F7-4668-BE54-9A1E7A4F7556}") = "Day7", "Day7\Day7.csproj", "{F25AE3B4-6F15-4067-9FE8-F08F14CE95BA}"
EndProject
Project("{9A19103F-16F7-4668-BE54-9A1E7A4F7556}") = "Day8", "Day8\Day8.csproj", "{23D74E29-5909-4617-8B16-EC3B9531844B}"
EndProject
Project("{9A19103F-16F7-4668-BE54-9A1E7A4F7556}") = "Day9", "Day9\Day9.csproj", "{40E5DEBD-9989-436E-AAE0-F3244EB6D705}"
EndProject
Project("{9A19103F-16F7-4668-BE54-9A1E7A4F7556}") = "Day10", "Day10\Day10.csproj", "{C9FE8C0A-A542-4183-8BE2-B3776AFC23E2}"
EndProject
Project("{FAE04EC0-301F-11D3-BF4B-00C04F79EFBC}") = "Day11", "Day11\Day11.csproj", "{9DD13CFE-7000-48AF-A9EE-CDDFE41AD054}"
EndProject
Global
	GlobalSection(SolutionConfigurationPlatforms) = preSolution
		Debug|Any CPU = Debug|Any CPU
		Release|Any CPU = Release|Any CPU
	EndGlobalSection
	GlobalSection(ProjectConfigurationPlatforms) = postSolution
		{EA4534A0-7FCA-41F5-94B3-AEADD807747F}.Debug|Any CPU.ActiveCfg = Debug|Any CPU
		{EA4534A0-7FCA-41F5-94B3-AEADD807747F}.Debug|Any CPU.Build.0 = Debug|Any CPU
		{EA4534A0-7FCA-41F5-94B3-AEADD807747F}.Release|Any CPU.ActiveCfg = Release|Any CPU
		{EA4534A0-7FCA-41F5-94B3-AEADD807747F}.Release|Any CPU.Build.0 = Release|Any CPU
		{8749ED10-47E8-406E-87D4-752A61FC6D24}.Debug|Any CPU.ActiveCfg = Debug|Any CPU
		{8749ED10-47E8-406E-87D4-752A61FC6D24}.Debug|Any CPU.Build.0 = Debug|Any CPU
		{8749ED10-47E8-406E-87D4-752A61FC6D24}.Release|Any CPU.ActiveCfg = Release|Any CPU
		{8749ED10-47E8-406E-87D4-752A61FC6D24}.Release|Any CPU.Build.0 = Release|Any CPU
		{711437BE-EF10-4C41-A088-9AC4AB6C8BF4}.Debug|Any CPU.ActiveCfg = Debug|Any CPU
		{711437BE-EF10-4C41-A088-9AC4AB6C8BF4}.Debug|Any CPU.Build.0 = Debug|Any CPU
		{711437BE-EF10-4C41-A088-9AC4AB6C8BF4}.Release|Any CPU.ActiveCfg = Release|Any CPU
		{711437BE-EF10-4C41-A088-9AC4AB6C8BF4}.Release|Any CPU.Build.0 = Release|Any CPU
		{75E83087-C588-49FA-BDEF-0CD4431B506B}.Debug|Any CPU.ActiveCfg = Debug|Any CPU
		{75E83087-C588-49FA-BDEF-0CD4431B506B}.Debug|Any CPU.Build.0 = Debug|Any CPU
		{75E83087-C588-49FA-BDEF-0CD4431B506B}.Release|Any CPU.ActiveCfg = Release|Any CPU
		{75E83087-C588-49FA-BDEF-0CD4431B506B}.Release|Any CPU.Build.0 = Release|Any CPU
		{09B8241D-4E1F-4D80-9C5D-A25FF94D9173}.Debug|Any CPU.ActiveCfg = Debug|Any CPU
		{09B8241D-4E1F-4D80-9C5D-A25FF94D9173}.Debug|Any CPU.Build.0 = Debug|Any CPU
		{09B8241D-4E1F-4D80-9C5D-A25FF94D9173}.Release|Any CPU.ActiveCfg = Release|Any CPU
		{09B8241D-4E1F-4D80-9C5D-A25FF94D9173}.Release|Any CPU.Build.0 = Release|Any CPU
		{88E5E84B-721F-4FDF-841A-737D141DB5CC}.Debug|Any CPU.ActiveCfg = Debug|Any CPU
		{88E5E84B-721F-4FDF-841A-737D141DB5CC}.Debug|Any CPU.Build.0 = Debug|Any CPU
		{88E5E84B-721F-4FDF-841A-737D141DB5CC}.Release|Any CPU.ActiveCfg = Release|Any CPU
		{88E5E84B-721F-4FDF-841A-737D141DB5CC}.Release|Any CPU.Build.0 = Release|Any CPU
		{F25AE3B4-6F15-4067-9FE8-F08F14CE95BA}.Debug|Any CPU.ActiveCfg = Debug|Any CPU
		{F25AE3B4-6F15-4067-9FE8-F08F14CE95BA}.Debug|Any CPU.Build.0 = Debug|Any CPU
		{F25AE3B4-6F15-4067-9FE8-F08F14CE95BA}.Release|Any CPU.ActiveCfg = Release|Any CPU
		{F25AE3B4-6F15-4067-9FE8-F08F14CE95BA}.Release|Any CPU.Build.0 = Release|Any CPU
		{23D74E29-5909-4617-8B16-EC3B9531844B}.Debug|Any CPU.ActiveCfg = Debug|Any CPU
		{23D74E29-5909-4617-8B16-EC3B9531844B}.Debug|Any CPU.Build.0 = Debug|Any CPU
		{23D74E29-5909-4617-8B16-EC3B9531844B}.Release|Any CPU.ActiveCfg = Release|Any CPU
		{23D74E29-5909-4617-8B16-EC3B9531844B}.Release|Any CPU.Build.0 = Release|Any CPU
		{40E5DEBD-9989-436E-AAE0-F3244EB6D705}.Debug|Any CPU.ActiveCfg = Debug|Any CPU
		{40E5DEBD-9989-436E-AAE0-F3244EB6D705}.Debug|Any CPU.Build.0 = Debug|Any CPU
		{40E5DEBD-9989-436E-AAE0-F3244EB6D705}.Release|Any CPU.ActiveCfg = Release|Any CPU
		{40E5DEBD-9989-436E-AAE0-F3244EB6D705}.Release|Any CPU.Build.0 = Release|Any CPU
		{C9FE8C0A-A542-4183-8BE2-B3776AFC23E2}.Debug|Any CPU.ActiveCfg = Debug|Any CPU
		{C9FE8C0A-A542-4183-8BE2-B3776AFC23E2}.Debug|Any CPU.Build.0 = Debug|Any CPU
		{C9FE8C0A-A542-4183-8BE2-B3776AFC23E2}.Release|Any CPU.ActiveCfg = Release|Any CPU
		{C9FE8C0A-A542-4183-8BE2-B3776AFC23E2}.Release|Any CPU.Build.0 = Release|Any CPU
		{9DD13CFE-7000-48AF-A9EE-CDDFE41AD054}.Debug|Any CPU.ActiveCfg = Debug|Any CPU
		{9DD13CFE-7000-48AF-A9EE-CDDFE41AD054}.Debug|Any CPU.Build.0 = Debug|Any CPU
		{9DD13CFE-7000-48AF-A9EE-CDDFE41AD054}.Release|Any CPU.ActiveCfg = Release|Any CPU
		{9DD13CFE-7000-48AF-A9EE-CDDFE41AD054}.Release|Any CPU.Build.0 = Release|Any CPU
	EndGlobalSection
	GlobalSection(SolutionProperties) = preSolution
		HideSolutionNode = FALSE
	EndGlobalSection
	GlobalSection(ExtensibilityGlobals) = postSolution
		SolutionGuid = {5B282D31-D489-497A-B4D0-61C11580C9F1}
	EndGlobalSection
EndGlobal
